// !$*UTF8*$!
{
	archiveVersion = 1;
	classes = {
	};
	objectVersion = 50;
	objects = {

/* Begin PBXBuildFile section */
		9645E6BF213D5C1F006192BF /* AppDelegate.swift in Sources */ = {isa = PBXBuildFile; fileRef = 9645E6BE213D5C1F006192BF /* AppDelegate.swift */; };
		9645E6C1213D5C1F006192BF /* ViewController.swift in Sources */ = {isa = PBXBuildFile; fileRef = 9645E6C0213D5C1F006192BF /* ViewController.swift */; };
		9645E6C4213D5C1F006192BF /* Main.storyboard in Resources */ = {isa = PBXBuildFile; fileRef = 9645E6C2213D5C1F006192BF /* Main.storyboard */; };
		9645E6C6213D5C20006192BF /* Assets.xcassets in Resources */ = {isa = PBXBuildFile; fileRef = 9645E6C5213D5C20006192BF /* Assets.xcassets */; };
		9645E6C9213D5C20006192BF /* LaunchScreen.storyboard in Resources */ = {isa = PBXBuildFile; fileRef = 9645E6C7213D5C20006192BF /* LaunchScreen.storyboard */; };
		9645E6D4213D5C21006192BF /* cleanappTests.swift in Sources */ = {isa = PBXBuildFile; fileRef = 9645E6D3213D5C21006192BF /* cleanappTests.swift */; };
/* End PBXBuildFile section */

/* Begin PBXContainerItemProxy section */
		9645E6D0213D5C21006192BF /* PBXContainerItemProxy */ = {
			isa = PBXContainerItemProxy;
			containerPortal = 9645E6B3213D5C1F006192BF /* Project object */;
			proxyType = 1;
			remoteGlobalIDString = 9645E6BA213D5C1F006192BF;
			remoteInfo = cleanapp;
		};
/* End PBXContainerItemProxy section */

/* Begin PBXFileReference section */
		9645E6BB213D5C1F006192BF /* cleanapp.app */ = {isa = PBXFileReference; explicitFileType = wrapper.application; includeInIndex = 0; path = cleanapp.app; sourceTree = BUILT_PRODUCTS_DIR; };
		9645E6BE213D5C1F006192BF /* AppDelegate.swift */ = {isa = PBXFileReference; lastKnownFileType = sourcecode.swift; path = AppDelegate.swift; sourceTree = "<group>"; };
		9645E6C0213D5C1F006192BF /* ViewController.swift */ = {isa = PBXFileReference; lastKnownFileType = sourcecode.swift; path = ViewController.swift; sourceTree = "<group>"; };
		9645E6C3213D5C1F006192BF /* Base */ = {isa = PBXFileReference; lastKnownFileType = file.storyboard; name = Base; path = Base.lproj/Main.storyboard; sourceTree = "<group>"; };
		9645E6C5213D5C20006192BF /* Assets.xcassets */ = {isa = PBXFileReference; lastKnownFileType = folder.assetcatalog; path = Assets.xcassets; sourceTree = "<group>"; };
		9645E6C8213D5C20006192BF /* Base */ = {isa = PBXFileReference; lastKnownFileType = file.storyboard; name = Base; path = Base.lproj/LaunchScreen.storyboard; sourceTree = "<group>"; };
		9645E6CA213D5C20006192BF /* Info.plist */ = {isa = PBXFileReference; lastKnownFileType = text.plist.xml; path = Info.plist; sourceTree = "<group>"; };
		9645E6CF213D5C21006192BF /* cleanappTests.xctest */ = {isa = PBXFileReference; explicitFileType = wrapper.cfbundle; includeInIndex = 0; path = cleanappTests.xctest; sourceTree = BUILT_PRODUCTS_DIR; };
		9645E6D3213D5C21006192BF /* cleanappTests.swift */ = {isa = PBXFileReference; lastKnownFileType = sourcecode.swift; path = cleanappTests.swift; sourceTree = "<group>"; };
		9645E6D5213D5C21006192BF /* Info.plist */ = {isa = PBXFileReference; lastKnownFileType = text.plist.xml; path = Info.plist; sourceTree = "<group>"; };
/* End PBXFileReference section */

/* Begin PBXFrameworksBuildPhase section */
		9645E6B8213D5C1F006192BF /* Frameworks */ = {
			isa = PBXFrameworksBuildPhase;
			buildActionMask = 2147483647;
			files = (
			);
			runOnlyForDeploymentPostprocessing = 0;
		};
		9645E6CC213D5C21006192BF /* Frameworks */ = {
			isa = PBXFrameworksBuildPhase;
			buildActionMask = 2147483647;
			files = (
			);
			runOnlyForDeploymentPostprocessing = 0;
		};
/* End PBXFrameworksBuildPhase section */

/* Begin PBXGroup section */
		9645E6B2213D5C1F006192BF = {
			isa = PBXGroup;
			children = (
				9645E6BD213D5C1F006192BF /* cleanapp */,
				9645E6D2213D5C21006192BF /* cleanappTests */,
				9645E6BC213D5C1F006192BF /* Products */,
			);
			sourceTree = "<group>";
		};
		9645E6BC213D5C1F006192BF /* Products */ = {
			isa = PBXGroup;
			children = (
				9645E6BB213D5C1F006192BF /* cleanapp.app */,
				9645E6CF213D5C21006192BF /* cleanappTests.xctest */,
			);
			name = Products;
			sourceTree = "<group>";
		};
		9645E6BD213D5C1F006192BF /* cleanapp */ = {
			isa = PBXGroup;
			children = (
				9645E6BE213D5C1F006192BF /* AppDelegate.swift */,
				9645E6C0213D5C1F006192BF /* ViewController.swift */,
				9645E6C2213D5C1F006192BF /* Main.storyboard */,
				9645E6C5213D5C20006192BF /* Assets.xcassets */,
				9645E6C7213D5C20006192BF /* LaunchScreen.storyboard */,
				9645E6CA213D5C20006192BF /* Info.plist */,
			);
			path = cleanapp;
			sourceTree = "<group>";
		};
		9645E6D2213D5C21006192BF /* cleanappTests */ = {
			isa = PBXGroup;
			children = (
				9645E6D3213D5C21006192BF /* cleanappTests.swift */,
				9645E6D5213D5C21006192BF /* Info.plist */,
			);
			path = cleanappTests;
			sourceTree = "<group>";
		};
/* End PBXGroup section */

/* Begin PBXNativeTarget section */
		9645E6BA213D5C1F006192BF /* cleanapp */ = {
			isa = PBXNativeTarget;
			buildConfigurationList = 9645E6D8213D5C21006192BF /* Build configuration list for PBXNativeTarget "cleanapp" */;
			buildPhases = (
				9645E6B7213D5C1F006192BF /* Sources */,
				9645E6B8213D5C1F006192BF /* Frameworks */,
				9645E6B9213D5C1F006192BF /* Resources */,
			);
			buildRules = (
			);
			dependencies = (
			);
			name = cleanapp;
			productName = cleanapp;
			productReference = 9645E6BB213D5C1F006192BF /* cleanapp.app */;
			productType = "com.apple.product-type.application";
		};
		9645E6CE213D5C21006192BF /* cleanappTests */ = {
			isa = PBXNativeTarget;
			buildConfigurationList = 9645E6DB213D5C21006192BF /* Build configuration list for PBXNativeTarget "cleanappTests" */;
			buildPhases = (
				9645E6CB213D5C21006192BF /* Sources */,
				9645E6CC213D5C21006192BF /* Frameworks */,
				9645E6CD213D5C21006192BF /* Resources */,
			);
			buildRules = (
			);
			dependencies = (
				9645E6D1213D5C21006192BF /* PBXTargetDependency */,
			);
			name = cleanappTests;
			productName = cleanappTests;
			productReference = 9645E6CF213D5C21006192BF /* cleanappTests.xctest */;
			productType = "com.apple.product-type.bundle.unit-test";
		};
/* End PBXNativeTarget section */

/* Begin PBXProject section */
		9645E6B3213D5C1F006192BF /* Project object */ = {
			isa = PBXProject;
			attributes = {
				LastSwiftUpdateCheck = 0940;
				LastUpgradeCheck = 0940;
				ORGANIZATIONNAME = "Castro, Aldo";
				TargetAttributes = {
					9645E6BA213D5C1F006192BF = {
						CreatedOnToolsVersion = 9.4.1;
					};
					9645E6CE213D5C21006192BF = {
						CreatedOnToolsVersion = 9.4.1;
						TestTargetID = 9645E6BA213D5C1F006192BF;
					};
				};
			};
			buildConfigurationList = 9645E6B6213D5C1F006192BF /* Build configuration list for PBXProject "cleanapp" */;
			compatibilityVersion = "Xcode 9.3";
			developmentRegion = en;
			hasScannedForEncodings = 0;
			knownRegions = (
				en,
				Base,
			);
			mainGroup = 9645E6B2213D5C1F006192BF;
			productRefGroup = 9645E6BC213D5C1F006192BF /* Products */;
			projectDirPath = "";
			projectRoot = "";
			targets = (
				9645E6BA213D5C1F006192BF /* cleanapp */,
				9645E6CE213D5C21006192BF /* cleanappTests */,
			);
		};
/* End PBXProject section */

/* Begin PBXResourcesBuildPhase section */
		9645E6B9213D5C1F006192BF /* Resources */ = {
			isa = PBXResourcesBuildPhase;
			buildActionMask = 2147483647;
			files = (
				9645E6C9213D5C20006192BF /* LaunchScreen.storyboard in Resources */,
				9645E6C6213D5C20006192BF /* Assets.xcassets in Resources */,
				9645E6C4213D5C1F006192BF /* Main.storyboard in Resources */,
			);
			runOnlyForDeploymentPostprocessing = 0;
		};
		9645E6CD213D5C21006192BF /* Resources */ = {
			isa = PBXResourcesBuildPhase;
			buildActionMask = 2147483647;
			files = (
			);
			runOnlyForDeploymentPostprocessing = 0;
		};
/* End PBXResourcesBuildPhase section */

/* Begin PBXSourcesBuildPhase section */
		9645E6B7213D5C1F006192BF /* Sources */ = {
			isa = PBXSourcesBuildPhase;
			buildActionMask = 2147483647;
			files = (
				9645E6C1213D5C1F006192BF /* ViewController.swift in Sources */,
				9645E6BF213D5C1F006192BF /* AppDelegate.swift in Sources */,
			);
			runOnlyForDeploymentPostprocessing = 0;
		};
		9645E6CB213D5C21006192BF /* Sources */ = {
			isa = PBXSourcesBuildPhase;
			buildActionMask = 2147483647;
			files = (
				9645E6D4213D5C21006192BF /* cleanappTests.swift in Sources */,
			);
			runOnlyForDeploymentPostprocessing = 0;
		};
/* End PBXSourcesBuildPhase section */

/* Begin PBXTargetDependency section */
		9645E6D1213D5C21006192BF /* PBXTargetDependency */ = {
			isa = PBXTargetDependency;
			target = 9645E6BA213D5C1F006192BF /* cleanapp */;
			targetProxy = 9645E6D0213D5C21006192BF /* PBXContainerItemProxy */;
		};
/* End PBXTargetDependency section */

/* Begin PBXVariantGroup section */
		9645E6C2213D5C1F006192BF /* Main.storyboard */ = {
			isa = PBXVariantGroup;
			children = (
				9645E6C3213D5C1F006192BF /* Base */,
			);
			name = Main.storyboard;
			sourceTree = "<group>";
		};
		9645E6C7213D5C20006192BF /* LaunchScreen.storyboard */ = {
			isa = PBXVariantGroup;
			children = (
				9645E6C8213D5C20006192BF /* Base */,
			);
			name = LaunchScreen.storyboard;
			sourceTree = "<group>";
		};
/* End PBXVariantGroup section */

/* Begin XCBuildConfiguration section */
		9645E6D6213D5C21006192BF /* Debug */ = {
			isa = XCBuildConfiguration;
			buildSettings = {
				ALWAYS_SEARCH_USER_PATHS = NO;
				CLANG_ANALYZER_NONNULL = YES;
				CLANG_ANALYZER_NUMBER_OBJECT_CONVERSION = YES_AGGRESSIVE;
				CLANG_CXX_LANGUAGE_STANDARD = "gnu++14";
				CLANG_CXX_LIBRARY = "libc++";
				CLANG_ENABLE_MODULES = YES;
				CLANG_ENABLE_OBJC_ARC = YES;
				CLANG_ENABLE_OBJC_WEAK = YES;
				CLANG_WARN_BLOCK_CAPTURE_AUTORELEASING = YES;
				CLANG_WARN_BOOL_CONVERSION = YES;
				CLANG_WARN_COMMA = YES;
				CLANG_WARN_CONSTANT_CONVERSION = YES;
				CLANG_WARN_DEPRECATED_OBJC_IMPLEMENTATIONS = YES;
				CLANG_WARN_DIRECT_OBJC_ISA_USAGE = YES_ERROR;
				CLANG_WARN_DOCUMENTATION_COMMENTS = YES;
				CLANG_WARN_EMPTY_BODY = YES;
				CLANG_WARN_ENUM_CONVERSION = YES;
				CLANG_WARN_INFINITE_RECURSION = YES;
				CLANG_WARN_INT_CONVERSION = YES;
				CLANG_WARN_NON_LITERAL_NULL_CONVERSION = YES;
				CLANG_WARN_OBJC_IMPLICIT_RETAIN_SELF = YES;
				CLANG_WARN_OBJC_LITERAL_CONVERSION = YES;
				CLANG_WARN_OBJC_ROOT_CLASS = YES_ERROR;
				CLANG_WARN_RANGE_LOOP_ANALYSIS = YES;
				CLANG_WARN_STRICT_PROTOTYPES = YES;
				CLANG_WARN_SUSPICIOUS_MOVE = YES;
				CLANG_WARN_UNGUARDED_AVAILABILITY = YES_AGGRESSIVE;
				CLANG_WARN_UNREACHABLE_CODE = YES;
				CLANG_WARN__DUPLICATE_METHOD_MATCH = YES;
				CODE_SIGN_IDENTITY = "iPhone Developer";
				COPY_PHASE_STRIP = NO;
				DEBUG_INFORMATION_FORMAT = dwarf;
				ENABLE_STRICT_OBJC_MSGSEND = YES;
				ENABLE_TESTABILITY = YES;
				GCC_C_LANGUAGE_STANDARD = gnu11;
				GCC_DYNAMIC_NO_PIC = NO;
				GCC_NO_COMMON_BLOCKS = YES;
				GCC_OPTIMIZATION_LEVEL = 0;
				GCC_PREPROCESSOR_DEFINITIONS = (
					"DEBUG=1",
					"$(inherited)",
				);
				GCC_WARN_64_TO_32_BIT_CONVERSION = YES;
				GCC_WARN_ABOUT_RETURN_TYPE = YES_ERROR;
				GCC_WARN_UNDECLARED_SELECTOR = YES;
				GCC_WARN_UNINITIALIZED_AUTOS = YES_AGGRESSIVE;
				GCC_WARN_UNUSED_FUNCTION = YES;
				GCC_WARN_UNUSED_VARIABLE = YES;
				IPHONEOS_DEPLOYMENT_TARGET = 11.4;
				MTL_ENABLE_DEBUG_INFO = YES;
				ONLY_ACTIVE_ARCH = YES;
				SDKROOT = iphoneos;
				SWIFT_ACTIVE_COMPILATION_CONDITIONS = DEBUG;
				SWIFT_OPTIMIZATION_LEVEL = "-Onone";
			};
			name = Debug;
		};
		9645E6D7213D5C21006192BF /* Release */ = {
			isa = XCBuildConfiguration;
			buildSettings = {
				ALWAYS_SEARCH_USER_PATHS = NO;
				CLANG_ANALYZER_NONNULL = YES;
				CLANG_ANALYZER_NUMBER_OBJECT_CONVERSION = YES_AGGRESSIVE;
				CLANG_CXX_LANGUAGE_STANDARD = "gnu++14";
				CLANG_CXX_LIBRARY = "libc++";
				CLANG_ENABLE_MODULES = YES;
				CLANG_ENABLE_OBJC_ARC = YES;
				CLANG_ENABLE_OBJC_WEAK = YES;
				CLANG_WARN_BLOCK_CAPTURE_AUTORELEASING = YES;
				CLANG_WARN_BOOL_CONVERSION = YES;
				CLANG_WARN_COMMA = YES;
				CLANG_WARN_CONSTANT_CONVERSION = YES;
				CLANG_WARN_DEPRECATED_OBJC_IMPLEMENTATIONS = YES;
				CLANG_WARN_DIRECT_OBJC_ISA_USAGE = YES_ERROR;
				CLANG_WARN_DOCUMENTATION_COMMENTS = YES;
				CLANG_WARN_EMPTY_BODY = YES;
				CLANG_WARN_ENUM_CONVERSION = YES;
				CLANG_WARN_INFINITE_RECURSION = YES;
				CLANG_WARN_INT_CONVERSION = YES;
				CLANG_WARN_NON_LITERAL_NULL_CONVERSION = YES;
				CLANG_WARN_OBJC_IMPLICIT_RETAIN_SELF = YES;
				CLANG_WARN_OBJC_LITERAL_CONVERSION = YES;
				CLANG_WARN_OBJC_ROOT_CLASS = YES_ERROR;
				CLANG_WARN_RANGE_LOOP_ANALYSIS = YES;
				CLANG_WARN_STRICT_PROTOTYPES = YES;
				CLANG_WARN_SUSPICIOUS_MOVE = YES;
				CLANG_WARN_UNGUARDED_AVAILABILITY = YES_AGGRESSIVE;
				CLANG_WARN_UNREACHABLE_CODE = YES;
				CLANG_WARN__DUPLICATE_METHOD_MATCH = YES;
				CODE_SIGN_IDENTITY = "iPhone Developer";
				COPY_PHASE_STRIP = NO;
				DEBUG_INFORMATION_FORMAT = "dwarf-with-dsym";
				ENABLE_NS_ASSERTIONS = NO;
				ENABLE_STRICT_OBJC_MSGSEND = YES;
				GCC_C_LANGUAGE_STANDARD = gnu11;
				GCC_NO_COMMON_BLOCKS = YES;
				GCC_WARN_64_TO_32_BIT_CONVERSION = YES;
				GCC_WARN_ABOUT_RETURN_TYPE = YES_ERROR;
				GCC_WARN_UNDECLARED_SELECTOR = YES;
				GCC_WARN_UNINITIALIZED_AUTOS = YES_AGGRESSIVE;
				GCC_WARN_UNUSED_FUNCTION = YES;
				GCC_WARN_UNUSED_VARIABLE = YES;
				IPHONEOS_DEPLOYMENT_TARGET = 11.4;
				MTL_ENABLE_DEBUG_INFO = NO;
				SDKROOT = iphoneos;
				SWIFT_COMPILATION_MODE = wholemodule;
				SWIFT_OPTIMIZATION_LEVEL = "-O";
				VALIDATE_PRODUCT = YES;
			};
			name = Release;
		};
		9645E6D9213D5C21006192BF /* Debug */ = {
			isa = XCBuildConfiguration;
			buildSettings = {
				ASSETCATALOG_COMPILER_APPICON_NAME = AppIcon;
				CODE_SIGN_STYLE = Automatic;
				DEVELOPMENT_TEAM = 7RG8ZWURBL;
				INFOPLIST_FILE = cleanapp/Info.plist;
				LD_RUNPATH_SEARCH_PATHS = (
					"$(inherited)",
					"@executable_path/Frameworks",
				);
				PRODUCT_BUNDLE_IDENTIFIER = com.castroaldo.cleanapp;
				PRODUCT_NAME = "$(TARGET_NAME)";
				SWIFT_VERSION = 4.0;
				TARGETED_DEVICE_FAMILY = "1,2";
			};
			name = Debug;
		};
		9645E6DA213D5C21006192BF /* Release */ = {
			isa = XCBuildConfiguration;
			buildSettings = {
				ASSETCATALOG_COMPILER_APPICON_NAME = AppIcon;
				CODE_SIGN_STYLE = Automatic;
				DEVELOPMENT_TEAM = 7RG8ZWURBL;
				INFOPLIST_FILE = cleanapp/Info.plist;
				LD_RUNPATH_SEARCH_PATHS = (
					"$(inherited)",
					"@executable_path/Frameworks",
				);
				PRODUCT_BUNDLE_IDENTIFIER = com.castroaldo.cleanapp;
				PRODUCT_NAME = "$(TARGET_NAME)";
				SWIFT_VERSION = 4.0;
				TARGETED_DEVICE_FAMILY = "1,2";
			};
			name = Release;
		};
		9645E6DC213D5C21006192BF /* Debug */ = {
			isa = XCBuildConfiguration;
			buildSettings = {
				ALWAYS_EMBED_SWIFT_STANDARD_LIBRARIES = YES;
				BUNDLE_LOADER = "$(TEST_HOST)";
				CODE_SIGN_STYLE = Automatic;
				DEVELOPMENT_TEAM = 7RG8ZWURBL;
				INFOPLIST_FILE = cleanappTests/Info.plist;
				LD_RUNPATH_SEARCH_PATHS = (
					"$(inherited)",
					"@executable_path/Frameworks",
					"@loader_path/Frameworks",
				);
				PRODUCT_BUNDLE_IDENTIFIER = com.castroaldo.cleanappTests;
				PRODUCT_NAME = "$(TARGET_NAME)";
				SWIFT_VERSION = 4.0;
				TARGETED_DEVICE_FAMILY = "1,2";
				TEST_HOST = "$(BUILT_PRODUCTS_DIR)/cleanapp.app/cleanapp";
			};
			name = Debug;
		};
		9645E6DD213D5C21006192BF /* Release */ = {
			isa = XCBuildConfiguration;
			buildSettings = {
				ALWAYS_EMBED_SWIFT_STANDARD_LIBRARIES = YES;
				BUNDLE_LOADER = "$(TEST_HOST)";
				CODE_SIGN_STYLE = Automatic;
				DEVELOPMENT_TEAM = 7RG8ZWURBL;
				INFOPLIST_FILE = cleanappTests/Info.plist;
				LD_RUNPATH_SEARCH_PATHS = (
					"$(inherited)",
					"@executable_path/Frameworks",
					"@loader_path/Frameworks",
				);
				PRODUCT_BUNDLE_IDENTIFIER = com.castroaldo.cleanappTests;
				PRODUCT_NAME = "$(TARGET_NAME)";
				SWIFT_VERSION = 4.0;
				TARGETED_DEVICE_FAMILY = "1,2";
				TEST_HOST = "$(BUILT_PRODUCTS_DIR)/cleanapp.app/cleanapp";
			};
			name = Release;
		};
/* End XCBuildConfiguration section */

/* Begin XCConfigurationList section */
		9645E6B6213D5C1F006192BF /* Build configuration list for PBXProject "cleanapp" */ = {
			isa = XCConfigurationList;
			buildConfigurations = (
				9645E6D6213D5C21006192BF /* Debug */,
				9645E6D7213D5C21006192BF /* Release */,
			);
			defaultConfigurationIsVisible = 0;
			defaultConfigurationName = Release;
		};
		9645E6D8213D5C21006192BF /* Build configuration list for PBXNativeTarget "cleanapp" */ = {
			isa = XCConfigurationList;
			buildConfigurations = (
				9645E6D9213D5C21006192BF /* Debug */,
				9645E6DA213D5C21006192BF /* Release */,
			);
			defaultConfigurationIsVisible = 0;
			defaultConfigurationName = Release;
		};
		9645E6DB213D5C21006192BF /* Build configuration list for PBXNativeTarget "cleanappTests" */ = {
			isa = XCConfigurationList;
			buildConfigurations = (
				9645E6DC213D5C21006192BF /* Debug */,
				9645E6DD213D5C21006192BF /* Release */,
			);
			defaultConfigurationIsVisible = 0;
			defaultConfigurationName = Release;
		};
/* End XCConfigurationList section */
	};
	rootObject = 9645E6B3213D5C1F006192BF /* Project object */;
}
